
Microsoft Visual Studio Solution File, Format Version 12.00
# Visual Studio Version 17
VisualStudioVersion = 17.11.35327.3
MinimumVisualStudioVersion = 10.0.40219.1
Project("{FAE04EC0-301F-11D3-BF4B-00C04F79EFBC}") = "GuessTheNumber", "GuessTheNumber\GuessTheNumber.csproj", "{72C93389-8D5A-4328-B2DE-F18224DB2225}"
EndProject
Global
	GlobalSection(SolutionConfigurationPlatforms) = preSolution
		Debug|Any CPU = Debug|Any CPU
		Release|Any CPU = Release|Any CPU
	EndGlobalSection
	GlobalSection(ProjectConfigurationPlatforms) = postSolution
		{72C93389-8D5A-4328-B2DE-F18224DB2225}.Debug|Any CPU.ActiveCfg = Debug|Any CPU
		{72C93389-8D5A-4328-B2DE-F18224DB2225}.Debug|Any CPU.Build.0 = Debug|Any CPU
		{72C93389-8D5A-4328-B2DE-F18224DB2225}.Release|Any CPU.ActiveCfg = Release|Any CPU
		{72C93389-8D5A-4328-B2DE-F18224DB2225}.Release|Any CPU.Build.0 = Release|Any CPU
	EndGlobalSection
	GlobalSection(SolutionProperties) = preSolution
		HideSolutionNode = FALSE
	EndGlobalSection
	GlobalSection(ExtensibilityGlobals) = postSolution
		SolutionGuid = {A5CA22C9-C3CE-4022-84BE-9C6CFA900C39}
	EndGlobalSection
EndGlobal
